
Microsoft Visual Studio Solution File, Format Version 12.00
# Visual Studio Version 17
VisualStudioVersion = 17.11.35312.102
MinimumVisualStudioVersion = 10.0.40219.1
Project("{FAE04EC0-301F-11D3-BF4B-00C04F79EFBC}") = "EmployeeApp", "EmployeeApp\EmployeeApp.csproj", "{9153B7FE-63A1-41AA-87D5-688CFAE85207}"
EndProject
Global
	GlobalSection(SolutionConfigurationPlatforms) = preSolution
		Debug|Any CPU = Debug|Any CPU
		Release|Any CPU = Release|Any CPU
	EndGlobalSection
	GlobalSection(ProjectConfigurationPlatforms) = postSolution
		{9153B7FE-63A1-41AA-87D5-688CFAE85207}.Debug|Any CPU.ActiveCfg = Debug|Any CPU
		{9153B7FE-63A1-41AA-87D5-688CFAE85207}.Debug|Any CPU.Build.0 = Debug|Any CPU
		{9153B7FE-63A1-41AA-87D5-688CFAE85207}.Release|Any CPU.ActiveCfg = Release|Any CPU
		{9153B7FE-63A1-41AA-87D5-688CFAE85207}.Release|Any CPU.Build.0 = Release|Any CPU
	EndGlobalSection
	GlobalSection(SolutionProperties) = preSolution
		HideSolutionNode = FALSE
	EndGlobalSection
	GlobalSection(ExtensibilityGlobals) = postSolution
		SolutionGuid = {09BF7B75-DB3C-425C-8668-9607DD96C300}
	EndGlobalSection
EndGlobal
